
Microsoft Visual Studio Solution File, Format Version 12.00
# Visual Studio Version 16
VisualStudioVersion = 16.0.30114.105
MinimumVisualStudioVersion = 10.0.40219.1
Project("{FAE04EC0-301F-11D3-BF4B-00C04F79EFBC}") = "App", "App\App.csproj", "{7A10416F-B263-412C-AF27-7D70E1920D59}"
EndProject
Project("{FAE04EC0-301F-11D3-BF4B-00C04F79EFBC}") = "Core", "Core\Core.csproj", "{36FE6ABA-89DE-4FAC-BF65-BC52E632C30C}"
EndProject
Project("{FAE04EC0-301F-11D3-BF4B-00C04F79EFBC}") = "Infrastructure", "Infrastructure\Infrastructure.csproj", "{BD674A38-6C02-4852-B564-53530841D4E4}"
EndProject
Project("{FAE04EC0-301F-11D3-BF4B-00C04F79EFBC}") = "Web", "Web\Web.csproj", "{649A209C-97C8-442E-BC5D-D77467F07676}"
EndProject
Global
	GlobalSection(SolutionConfigurationPlatforms) = preSolution
		Debug|Any CPU = Debug|Any CPU
		Release|Any CPU = Release|Any CPU
	EndGlobalSection
	GlobalSection(SolutionProperties) = preSolution
		HideSolutionNode = FALSE
	EndGlobalSection
	GlobalSection(ProjectConfigurationPlatforms) = postSolution
		{7A10416F-B263-412C-AF27-7D70E1920D59}.Debug|Any CPU.ActiveCfg = Debug|Any CPU
		{7A10416F-B263-412C-AF27-7D70E1920D59}.Debug|Any CPU.Build.0 = Debug|Any CPU
		{7A10416F-B263-412C-AF27-7D70E1920D59}.Release|Any CPU.ActiveCfg = Release|Any CPU
		{7A10416F-B263-412C-AF27-7D70E1920D59}.Release|Any CPU.Build.0 = Release|Any CPU
		{36FE6ABA-89DE-4FAC-BF65-BC52E632C30C}.Debug|Any CPU.ActiveCfg = Debug|Any CPU
		{36FE6ABA-89DE-4FAC-BF65-BC52E632C30C}.Debug|Any CPU.Build.0 = Debug|Any CPU
		{36FE6ABA-89DE-4FAC-BF65-BC52E632C30C}.Release|Any CPU.ActiveCfg = Release|Any CPU
		{36FE6ABA-89DE-4FAC-BF65-BC52E632C30C}.Release|Any CPU.Build.0 = Release|Any CPU
		{BD674A38-6C02-4852-B564-53530841D4E4}.Debug|Any CPU.ActiveCfg = Debug|Any CPU
		{BD674A38-6C02-4852-B564-53530841D4E4}.Debug|Any CPU.Build.0 = Debug|Any CPU
		{BD674A38-6C02-4852-B564-53530841D4E4}.Release|Any CPU.ActiveCfg = Release|Any CPU
		{BD674A38-6C02-4852-B564-53530841D4E4}.Release|Any CPU.Build.0 = Release|Any CPU
		{649A209C-97C8-442E-BC5D-D77467F07676}.Debug|Any CPU.ActiveCfg = Debug|Any CPU
		{649A209C-97C8-442E-BC5D-D77467F07676}.Debug|Any CPU.Build.0 = Debug|Any CPU
		{649A209C-97C8-442E-BC5D-D77467F07676}.Release|Any CPU.ActiveCfg = Release|Any CPU
		{649A209C-97C8-442E-BC5D-D77467F07676}.Release|Any CPU.Build.0 = Release|Any CPU
	EndGlobalSection
EndGlobal
